
Microsoft Visual Studio Solution File, Format Version 12.00
# Visual Studio Version 16
VisualStudioVersion = 16.0.30309.148
MinimumVisualStudioVersion = 10.0.40219.1
Project("{FAE04EC0-301F-11D3-BF4B-00C04F79EFBC}") = "SendPN", "SendPN.csproj", "{9AB99814-8A67-4B4C-929E-438D7EDA692D}"
EndProject
Global
	GlobalSection(SolutionConfigurationPlatforms) = preSolution
		Debug|Any CPU = Debug|Any CPU
		Release|Any CPU = Release|Any CPU
	EndGlobalSection
	GlobalSection(ProjectConfigurationPlatforms) = postSolution
		{9AB99814-8A67-4B4C-929E-438D7EDA692D}.Debug|Any CPU.ActiveCfg = Debug|Any CPU
		{9AB99814-8A67-4B4C-929E-438D7EDA692D}.Debug|Any CPU.Build.0 = Debug|Any CPU
		{9AB99814-8A67-4B4C-929E-438D7EDA692D}.Release|Any CPU.ActiveCfg = Release|Any CPU
		{9AB99814-8A67-4B4C-929E-438D7EDA692D}.Release|Any CPU.Build.0 = Release|Any CPU
	EndGlobalSection
	GlobalSection(SolutionProperties) = preSolution
		HideSolutionNode = FALSE
	EndGlobalSection
	GlobalSection(ExtensibilityGlobals) = postSolution
		SolutionGuid = {36148D8A-6B65-4B22-874B-F7A413B298B6}
	EndGlobalSection
EndGlobal
